
Microsoft Visual Studio Solution File, Format Version 12.00
# Visual Studio Version 16
VisualStudioVersion = 16.0.810.16
MinimumVisualStudioVersion = 10.0.40219.1
Project("{FAE04EC0-301F-11D3-BF4B-00C04F79EFBC}") = "githook-template", "githook-template\githook-template.csproj", "{2B30310E-B59D-43CC-A8EF-77EFCDF33B3E}"
EndProject
Project("{FAE04EC0-301F-11D3-BF4B-00C04F79EFBC}") = "mstest-githook", "mstest-githook\mstest-githook.csproj", "{2C80C047-2D84-4433-BDEB-8B8796525D07}"
EndProject
Global
	GlobalSection(SolutionConfigurationPlatforms) = preSolution
		Debug|Any CPU = Debug|Any CPU
		Release|Any CPU = Release|Any CPU
	EndGlobalSection
	GlobalSection(ProjectConfigurationPlatforms) = postSolution
		{2B30310E-B59D-43CC-A8EF-77EFCDF33B3E}.Debug|Any CPU.ActiveCfg = Debug|Any CPU
		{2B30310E-B59D-43CC-A8EF-77EFCDF33B3E}.Debug|Any CPU.Build.0 = Debug|Any CPU
		{2B30310E-B59D-43CC-A8EF-77EFCDF33B3E}.Release|Any CPU.ActiveCfg = Release|Any CPU
		{2B30310E-B59D-43CC-A8EF-77EFCDF33B3E}.Release|Any CPU.Build.0 = Release|Any CPU
		{2C80C047-2D84-4433-BDEB-8B8796525D07}.Debug|Any CPU.ActiveCfg = Debug|Any CPU
		{2C80C047-2D84-4433-BDEB-8B8796525D07}.Debug|Any CPU.Build.0 = Debug|Any CPU
		{2C80C047-2D84-4433-BDEB-8B8796525D07}.Release|Any CPU.ActiveCfg = Release|Any CPU
		{2C80C047-2D84-4433-BDEB-8B8796525D07}.Release|Any CPU.Build.0 = Release|Any CPU
	EndGlobalSection
	GlobalSection(SolutionProperties) = preSolution
		HideSolutionNode = FALSE
	EndGlobalSection
	GlobalSection(ExtensibilityGlobals) = postSolution
		SolutionGuid = {42DB12AA-7441-463D-A693-67A573D0B248}
	EndGlobalSection
EndGlobal
